// !$*UTF8*$!
{
	archiveVersion = 1;
	classes = {
	};
	objectVersion = 55;
	objects = {

/* Begin PBXBuildFile section */
		9CD04B1728AD9D9100F77877 /* FoodsUIApp.swift in Sources */ = {isa = PBXBuildFile; fileRef = 9CD04B1628AD9D9100F77877 /* FoodsUIApp.swift */; };
		9CD04B1928AD9D9100F77877 /* ContentView.swift in Sources */ = {isa = PBXBuildFile; fileRef = 9CD04B1828AD9D9100F77877 /* ContentView.swift */; };
		9CD04B1B28AD9D9200F77877 /* Assets.xcassets in Resources */ = {isa = PBXBuildFile; fileRef = 9CD04B1A28AD9D9200F77877 /* Assets.xcassets */; };
		9CD04B1E28AD9D9200F77877 /* Preview Assets.xcassets in Resources */ = {isa = PBXBuildFile; fileRef = 9CD04B1D28AD9D9200F77877 /* Preview Assets.xcassets */; };
		9CD04B2828AD9D9200F77877 /* FoodsUITests.swift in Sources */ = {isa = PBXBuildFile; fileRef = 9CD04B2728AD9D9200F77877 /* FoodsUITests.swift */; };
		9CD04B3228AD9D9200F77877 /* FoodsUIUITests.swift in Sources */ = {isa = PBXBuildFile; fileRef = 9CD04B3128AD9D9200F77877 /* FoodsUIUITests.swift */; };
		9CD04B3428AD9D9200F77877 /* FoodsUIUITestsLaunchTests.swift in Sources */ = {isa = PBXBuildFile; fileRef = 9CD04B3328AD9D9200F77877 /* FoodsUIUITestsLaunchTests.swift */; };
		9CD88BC828B01A70009A00D1 /* FoodItem.swift in Sources */ = {isa = PBXBuildFile; fileRef = 9CD88BC728B01A70009A00D1 /* FoodItem.swift */; };
		9CD88BCA28B01EED009A00D1 /* Foods.swift in Sources */ = {isa = PBXBuildFile; fileRef = 9CD88BC928B01EED009A00D1 /* Foods.swift */; };
/* End PBXBuildFile section */

/* Begin PBXContainerItemProxy section */
		9CD04B2428AD9D9200F77877 /* PBXContainerItemProxy */ = {
			isa = PBXContainerItemProxy;
			containerPortal = 9CD04B0B28AD9D9100F77877 /* Project object */;
			proxyType = 1;
			remoteGlobalIDString = 9CD04B1228AD9D9100F77877;
			remoteInfo = FoodsUI;
		};
		9CD04B2E28AD9D9200F77877 /* PBXContainerItemProxy */ = {
			isa = PBXContainerItemProxy;
			containerPortal = 9CD04B0B28AD9D9100F77877 /* Project object */;
			proxyType = 1;
			remoteGlobalIDString = 9CD04B1228AD9D9100F77877;
			remoteInfo = FoodsUI;
		};
/* End PBXContainerItemProxy section */

/* Begin PBXFileReference section */
		9CD04B1328AD9D9100F77877 /* FoodsUI.app */ = {isa = PBXFileReference; explicitFileType = wrapper.application; includeInIndex = 0; path = FoodsUI.app; sourceTree = BUILT_PRODUCTS_DIR; };
		9CD04B1628AD9D9100F77877 /* FoodsUIApp.swift */ = {isa = PBXFileReference; lastKnownFileType = sourcecode.swift; path = FoodsUIApp.swift; sourceTree = "<group>"; };
		9CD04B1828AD9D9100F77877 /* ContentView.swift */ = {isa = PBXFileReference; lastKnownFileType = sourcecode.swift; path = ContentView.swift; sourceTree = "<group>"; };
		9CD04B1A28AD9D9200F77877 /* Assets.xcassets */ = {isa = PBXFileReference; lastKnownFileType = folder.assetcatalog; path = Assets.xcassets; sourceTree = "<group>"; };
		9CD04B1D28AD9D9200F77877 /* Preview Assets.xcassets */ = {isa = PBXFileReference; lastKnownFileType = folder.assetcatalog; path = "Preview Assets.xcassets"; sourceTree = "<group>"; };
		9CD04B2328AD9D9200F77877 /* FoodsUITests.xctest */ = {isa = PBXFileReference; explicitFileType = wrapper.cfbundle; includeInIndex = 0; path = FoodsUITests.xctest; sourceTree = BUILT_PRODUCTS_DIR; };
		9CD04B2728AD9D9200F77877 /* FoodsUITests.swift */ = {isa = PBXFileReference; lastKnownFileType = sourcecode.swift; path = FoodsUITests.swift; sourceTree = "<group>"; };
		9CD04B2D28AD9D9200F77877 /* FoodsUIUITests.xctest */ = {isa = PBXFileReference; explicitFileType = wrapper.cfbundle; includeInIndex = 0; path = FoodsUIUITests.xctest; sourceTree = BUILT_PRODUCTS_DIR; };
		9CD04B3128AD9D9200F77877 /* FoodsUIUITests.swift */ = {isa = PBXFileReference; lastKnownFileType = sourcecode.swift; path = FoodsUIUITests.swift; sourceTree = "<group>"; };
		9CD04B3328AD9D9200F77877 /* FoodsUIUITestsLaunchTests.swift */ = {isa = PBXFileReference; lastKnownFileType = sourcecode.swift; path = FoodsUIUITestsLaunchTests.swift; sourceTree = "<group>"; };
		9CD88BC728B01A70009A00D1 /* FoodItem.swift */ = {isa = PBXFileReference; lastKnownFileType = sourcecode.swift; path = FoodItem.swift; sourceTree = "<group>"; };
		9CD88BC928B01EED009A00D1 /* Foods.swift */ = {isa = PBXFileReference; lastKnownFileType = sourcecode.swift; path = Foods.swift; sourceTree = "<group>"; };
/* End PBXFileReference section */

/* Begin PBXFrameworksBuildPhase section */
		9CD04B1028AD9D9100F77877 /* Frameworks */ = {
			isa = PBXFrameworksBuildPhase;
			buildActionMask = 2147483647;
			files = (
			);
			runOnlyForDeploymentPostprocessing = 0;
		};
		9CD04B2028AD9D9200F77877 /* Frameworks */ = {
			isa = PBXFrameworksBuildPhase;
			buildActionMask = 2147483647;
			files = (
			);
			runOnlyForDeploymentPostprocessing = 0;
		};
		9CD04B2A28AD9D9200F77877 /* Frameworks */ = {
			isa = PBXFrameworksBuildPhase;
			buildActionMask = 2147483647;
			files = (
			);
			runOnlyForDeploymentPostprocessing = 0;
		};
/* End PBXFrameworksBuildPhase section */

/* Begin PBXGroup section */
		9CD04B0A28AD9D9100F77877 = {
			isa = PBXGroup;
			children = (
				9CD04B1528AD9D9100F77877 /* FoodsUI */,
				9CD04B2628AD9D9200F77877 /* FoodsUITests */,
				9CD04B3028AD9D9200F77877 /* FoodsUIUITests */,
				9CD04B1428AD9D9100F77877 /* Products */,
			);
			sourceTree = "<group>";
		};
		9CD04B1428AD9D9100F77877 /* Products */ = {
			isa = PBXGroup;
			children = (
				9CD04B1328AD9D9100F77877 /* FoodsUI.app */,
				9CD04B2328AD9D9200F77877 /* FoodsUITests.xctest */,
				9CD04B2D28AD9D9200F77877 /* FoodsUIUITests.xctest */,
			);
			name = Products;
			sourceTree = "<group>";
		};
		9CD04B1528AD9D9100F77877 /* FoodsUI */ = {
			isa = PBXGroup;
			children = (
				9CD88BC628B01858009A00D1 /* Models */,
				9CD88BC528B01854009A00D1 /* View */,
				9CD04B1628AD9D9100F77877 /* FoodsUIApp.swift */,
				9CD04B1828AD9D9100F77877 /* ContentView.swift */,
				9CD04B1A28AD9D9200F77877 /* Assets.xcassets */,
				9CD04B1C28AD9D9200F77877 /* Preview Content */,
			);
			path = FoodsUI;
			sourceTree = "<group>";
		};
		9CD04B1C28AD9D9200F77877 /* Preview Content */ = {
			isa = PBXGroup;
			children = (
				9CD04B1D28AD9D9200F77877 /* Preview Assets.xcassets */,
			);
			path = "Preview Content";
			sourceTree = "<group>";
		};
		9CD04B2628AD9D9200F77877 /* FoodsUITests */ = {
			isa = PBXGroup;
			children = (
				9CD04B2728AD9D9200F77877 /* FoodsUITests.swift */,
			);
			path = FoodsUITests;
			sourceTree = "<group>";
		};
		9CD04B3028AD9D9200F77877 /* FoodsUIUITests */ = {
			isa = PBXGroup;
			children = (
				9CD04B3128AD9D9200F77877 /* FoodsUIUITests.swift */,
				9CD04B3328AD9D9200F77877 /* FoodsUIUITestsLaunchTests.swift */,
			);
			path = FoodsUIUITests;
			sourceTree = "<group>";
		};
		9CD88BC528B01854009A00D1 /* View */ = {
			isa = PBXGroup;
			children = (
				9CD88BC728B01A70009A00D1 /* FoodItem.swift */,
			);
			path = View;
			sourceTree = "<group>";
		};
		9CD88BC628B01858009A00D1 /* Models */ = {
			isa = PBXGroup;
			children = (
				9CD88BC928B01EED009A00D1 /* Foods.swift */,
			);
			path = Models;
			sourceTree = "<group>";
		};
/* End PBXGroup section */

/* Begin PBXNativeTarget section */
		9CD04B1228AD9D9100F77877 /* FoodsUI */ = {
			isa = PBXNativeTarget;
			buildConfigurationList = 9CD04B3728AD9D9200F77877 /* Build configuration list for PBXNativeTarget "FoodsUI" */;
			buildPhases = (
				9CD04B0F28AD9D9100F77877 /* Sources */,
				9CD04B1028AD9D9100F77877 /* Frameworks */,
				9CD04B1128AD9D9100F77877 /* Resources */,
			);
			buildRules = (
			);
			dependencies = (
			);
			name = FoodsUI;
			productName = FoodsUI;
			productReference = 9CD04B1328AD9D9100F77877 /* FoodsUI.app */;
			productType = "com.apple.product-type.application";
		};
		9CD04B2228AD9D9200F77877 /* FoodsUITests */ = {
			isa = PBXNativeTarget;
			buildConfigurationList = 9CD04B3A28AD9D9200F77877 /* Build configuration list for PBXNativeTarget "FoodsUITests" */;
			buildPhases = (
				9CD04B1F28AD9D9200F77877 /* Sources */,
				9CD04B2028AD9D9200F77877 /* Frameworks */,
				9CD04B2128AD9D9200F77877 /* Resources */,
			);
			buildRules = (
			);
			dependencies = (
				9CD04B2528AD9D9200F77877 /* PBXTargetDependency */,
			);
			name = FoodsUITests;
			productName = FoodsUITests;
			productReference = 9CD04B2328AD9D9200F77877 /* FoodsUITests.xctest */;
			productType = "com.apple.product-type.bundle.unit-test";
		};
		9CD04B2C28AD9D9200F77877 /* FoodsUIUITests */ = {
			isa = PBXNativeTarget;
			buildConfigurationList = 9CD04B3D28AD9D9200F77877 /* Build configuration list for PBXNativeTarget "FoodsUIUITests" */;
			buildPhases = (
				9CD04B2928AD9D9200F77877 /* Sources */,
				9CD04B2A28AD9D9200F77877 /* Frameworks */,
				9CD04B2B28AD9D9200F77877 /* Resources */,
			);
			buildRules = (
			);
			dependencies = (
				9CD04B2F28AD9D9200F77877 /* PBXTargetDependency */,
			);
			name = FoodsUIUITests;
			productName = FoodsUIUITests;
			productReference = 9CD04B2D28AD9D9200F77877 /* FoodsUIUITests.xctest */;
			productType = "com.apple.product-type.bundle.ui-testing";
		};
/* End PBXNativeTarget section */

/* Begin PBXProject section */
		9CD04B0B28AD9D9100F77877 /* Project object */ = {
			isa = PBXProject;
			attributes = {
				BuildIndependentTargetsInParallel = 1;
				LastSwiftUpdateCheck = 1340;
				LastUpgradeCheck = 1340;
				TargetAttributes = {
					9CD04B1228AD9D9100F77877 = {
						CreatedOnToolsVersion = 13.4;
					};
					9CD04B2228AD9D9200F77877 = {
						CreatedOnToolsVersion = 13.4;
						TestTargetID = 9CD04B1228AD9D9100F77877;
					};
					9CD04B2C28AD9D9200F77877 = {
						CreatedOnToolsVersion = 13.4;
						TestTargetID = 9CD04B1228AD9D9100F77877;
					};
				};
			};
			buildConfigurationList = 9CD04B0E28AD9D9100F77877 /* Build configuration list for PBXProject "FoodsUI" */;
			compatibilityVersion = "Xcode 13.0";
			developmentRegion = en;
			hasScannedForEncodings = 0;
			knownRegions = (
				en,
				Base,
			);
			mainGroup = 9CD04B0A28AD9D9100F77877;
			productRefGroup = 9CD04B1428AD9D9100F77877 /* Products */;
			projectDirPath = "";
			projectRoot = "";
			targets = (
				9CD04B1228AD9D9100F77877 /* FoodsUI */,
				9CD04B2228AD9D9200F77877 /* FoodsUITests */,
				9CD04B2C28AD9D9200F77877 /* FoodsUIUITests */,
			);
		};
/* End PBXProject section */

/* Begin PBXResourcesBuildPhase section */
		9CD04B1128AD9D9100F77877 /* Resources */ = {
			isa = PBXResourcesBuildPhase;
			buildActionMask = 2147483647;
			files = (
				9CD04B1E28AD9D9200F77877 /* Preview Assets.xcassets in Resources */,
				9CD04B1B28AD9D9200F77877 /* Assets.xcassets in Resources */,
			);
			runOnlyForDeploymentPostprocessing = 0;
		};
		9CD04B2128AD9D9200F77877 /* Resources */ = {
			isa = PBXResourcesBuildPhase;
			buildActionMask = 2147483647;
			files = (
			);
			runOnlyForDeploymentPostprocessing = 0;
		};
		9CD04B2B28AD9D9200F77877 /* Resources */ = {
			isa = PBXResourcesBuildPhase;
			buildActionMask = 2147483647;
			files = (
			);
			runOnlyForDeploymentPostprocessing = 0;
		};
/* End PBXResourcesBuildPhase section */

/* Begin PBXSourcesBuildPhase section */
		9CD04B0F28AD9D9100F77877 /* Sources */ = {
			isa = PBXSourcesBuildPhase;
			buildActionMask = 2147483647;
			files = (
				9CD04B1928AD9D9100F77877 /* ContentView.swift in Sources */,
				9CD88BCA28B01EED009A00D1 /* Foods.swift in Sources */,
				9CD88BC828B01A70009A00D1 /* FoodItem.swift in Sources */,
				9CD04B1728AD9D9100F77877 /* FoodsUIApp.swift in Sources */,
			);
			runOnlyForDeploymentPostprocessing = 0;
		};
		9CD04B1F28AD9D9200F77877 /* Sources */ = {
			isa = PBXSourcesBuildPhase;
			buildActionMask = 2147483647;
			files = (
				9CD04B2828AD9D9200F77877 /* FoodsUITests.swift in Sources */,
			);
			runOnlyForDeploymentPostprocessing = 0;
		};
		9CD04B2928AD9D9200F77877 /* Sources */ = {
			isa = PBXSourcesBuildPhase;
			buildActionMask = 2147483647;
			files = (
				9CD04B3428AD9D9200F77877 /* FoodsUIUITestsLaunchTests.swift in Sources */,
				9CD04B3228AD9D9200F77877 /* FoodsUIUITests.swift in Sources */,
			);
			runOnlyForDeploymentPostprocessing = 0;
		};
/* End PBXSourcesBuildPhase section */

/* Begin PBXTargetDependency section */
		9CD04B2528AD9D9200F77877 /* PBXTargetDependency */ = {
			isa = PBXTargetDependency;
			target = 9CD04B1228AD9D9100F77877 /* FoodsUI */;
			targetProxy = 9CD04B2428AD9D9200F77877 /* PBXContainerItemProxy */;
		};
		9CD04B2F28AD9D9200F77877 /* PBXTargetDependency */ = {
			isa = PBXTargetDependency;
			target = 9CD04B1228AD9D9100F77877 /* FoodsUI */;
			targetProxy = 9CD04B2E28AD9D9200F77877 /* PBXContainerItemProxy */;
		};
/* End PBXTargetDependency section */

/* Begin XCBuildConfiguration section */
		9CD04B3528AD9D9200F77877 /* Debug */ = {
			isa = XCBuildConfiguration;
			buildSettings = {
				ALWAYS_SEARCH_USER_PATHS = NO;
				CLANG_ANALYZER_NONNULL = YES;
				CLANG_ANALYZER_NUMBER_OBJECT_CONVERSION = YES_AGGRESSIVE;
				CLANG_CXX_LANGUAGE_STANDARD = "gnu++17";
				CLANG_ENABLE_MODULES = YES;
				CLANG_ENABLE_OBJC_ARC = YES;
				CLANG_ENABLE_OBJC_WEAK = YES;
				CLANG_WARN_BLOCK_CAPTURE_AUTORELEASING = YES;
				CLANG_WARN_BOOL_CONVERSION = YES;
				CLANG_WARN_COMMA = YES;
				CLANG_WARN_CONSTANT_CONVERSION = YES;
				CLANG_WARN_DEPRECATED_OBJC_IMPLEMENTATIONS = YES;
				CLANG_WARN_DIRECT_OBJC_ISA_USAGE = YES_ERROR;
				CLANG_WARN_DOCUMENTATION_COMMENTS = YES;
				CLANG_WARN_EMPTY_BODY = YES;
				CLANG_WARN_ENUM_CONVERSION = YES;
				CLANG_WARN_INFINITE_RECURSION = YES;
				CLANG_WARN_INT_CONVERSION = YES;
				CLANG_WARN_NON_LITERAL_NULL_CONVERSION = YES;
				CLANG_WARN_OBJC_IMPLICIT_RETAIN_SELF = YES;
				CLANG_WARN_OBJC_LITERAL_CONVERSION = YES;
				CLANG_WARN_OBJC_ROOT_CLASS = YES_ERROR;
				CLANG_WARN_QUOTED_INCLUDE_IN_FRAMEWORK_HEADER = YES;
				CLANG_WARN_RANGE_LOOP_ANALYSIS = YES;
				CLANG_WARN_STRICT_PROTOTYPES = YES;
				CLANG_WARN_SUSPICIOUS_MOVE = YES;
				CLANG_WARN_UNGUARDED_AVAILABILITY = YES_AGGRESSIVE;
				CLANG_WARN_UNREACHABLE_CODE = YES;
				CLANG_WARN__DUPLICATE_METHOD_MATCH = YES;
				COPY_PHASE_STRIP = NO;
				DEBUG_INFORMATION_FORMAT = dwarf;
				ENABLE_STRICT_OBJC_MSGSEND = YES;
				ENABLE_TESTABILITY = YES;
				GCC_C_LANGUAGE_STANDARD = gnu11;
				GCC_DYNAMIC_NO_PIC = NO;
				GCC_NO_COMMON_BLOCKS = YES;
				GCC_OPTIMIZATION_LEVEL = 0;
				GCC_PREPROCESSOR_DEFINITIONS = (
					"DEBUG=1",
					"$(inherited)",
				);
				GCC_WARN_64_TO_32_BIT_CONVERSION = YES;
				GCC_WARN_ABOUT_RETURN_TYPE = YES_ERROR;
				GCC_WARN_UNDECLARED_SELECTOR = YES;
				GCC_WARN_UNINITIALIZED_AUTOS = YES_AGGRESSIVE;
				GCC_WARN_UNUSED_FUNCTION = YES;
				GCC_WARN_UNUSED_VARIABLE = YES;
				IPHONEOS_DEPLOYMENT_TARGET = 15.5;
				MTL_ENABLE_DEBUG_INFO = INCLUDE_SOURCE;
				MTL_FAST_MATH = YES;
				ONLY_ACTIVE_ARCH = YES;
				SDKROOT = iphoneos;
				SWIFT_ACTIVE_COMPILATION_CONDITIONS = DEBUG;
				SWIFT_OPTIMIZATION_LEVEL = "-Onone";
			};
			name = Debug;
		};
		9CD04B3628AD9D9200F77877 /* Release */ = {
			isa = XCBuildConfiguration;
			buildSettings = {
				ALWAYS_SEARCH_USER_PATHS = NO;
				CLANG_ANALYZER_NONNULL = YES;
				CLANG_ANALYZER_NUMBER_OBJECT_CONVERSION = YES_AGGRESSIVE;
				CLANG_CXX_LANGUAGE_STANDARD = "gnu++17";
				CLANG_ENABLE_MODULES = YES;
				CLANG_ENABLE_OBJC_ARC = YES;
				CLANG_ENABLE_OBJC_WEAK = YES;
				CLANG_WARN_BLOCK_CAPTURE_AUTORELEASING = YES;
				CLANG_WARN_BOOL_CONVERSION = YES;
				CLANG_WARN_COMMA = YES;
				CLANG_WARN_CONSTANT_CONVERSION = YES;
				CLANG_WARN_DEPRECATED_OBJC_IMPLEMENTATIONS = YES;
				CLANG_WARN_DIRECT_OBJC_ISA_USAGE = YES_ERROR;
				CLANG_WARN_DOCUMENTATION_COMMENTS = YES;
				CLANG_WARN_EMPTY_BODY = YES;
				CLANG_WARN_ENUM_CONVERSION = YES;
				CLANG_WARN_INFINITE_RECURSION = YES;
				CLANG_WARN_INT_CONVERSION = YES;
				CLANG_WARN_NON_LITERAL_NULL_CONVERSION = YES;
				CLANG_WARN_OBJC_IMPLICIT_RETAIN_SELF = YES;
				CLANG_WARN_OBJC_LITERAL_CONVERSION = YES;
				CLANG_WARN_OBJC_ROOT_CLASS = YES_ERROR;
				CLANG_WARN_QUOTED_INCLUDE_IN_FRAMEWORK_HEADER = YES;
				CLANG_WARN_RANGE_LOOP_ANALYSIS = YES;
				CLANG_WARN_STRICT_PROTOTYPES = YES;
				CLANG_WARN_SUSPICIOUS_MOVE = YES;
				CLANG_WARN_UNGUARDED_AVAILABILITY = YES_AGGRESSIVE;
				CLANG_WARN_UNREACHABLE_CODE = YES;
				CLANG_WARN__DUPLICATE_METHOD_MATCH = YES;
				COPY_PHASE_STRIP = NO;
				DEBUG_INFORMATION_FORMAT = "dwarf-with-dsym";
				ENABLE_NS_ASSERTIONS = NO;
				ENABLE_STRICT_OBJC_MSGSEND = YES;
				GCC_C_LANGUAGE_STANDARD = gnu11;
				GCC_NO_COMMON_BLOCKS = YES;
				GCC_WARN_64_TO_32_BIT_CONVERSION = YES;
				GCC_WARN_ABOUT_RETURN_TYPE = YES_ERROR;
				GCC_WARN_UNDECLARED_SELECTOR = YES;
				GCC_WARN_UNINITIALIZED_AUTOS = YES_AGGRESSIVE;
				GCC_WARN_UNUSED_FUNCTION = YES;
				GCC_WARN_UNUSED_VARIABLE = YES;
				IPHONEOS_DEPLOYMENT_TARGET = 15.5;
				MTL_ENABLE_DEBUG_INFO = NO;
				MTL_FAST_MATH = YES;
				SDKROOT = iphoneos;
				SWIFT_COMPILATION_MODE = wholemodule;
				SWIFT_OPTIMIZATION_LEVEL = "-O";
				VALIDATE_PRODUCT = YES;
			};
			name = Release;
		};
		9CD04B3828AD9D9200F77877 /* Debug */ = {
			isa = XCBuildConfiguration;
			buildSettings = {
				ASSETCATALOG_COMPILER_APPICON_NAME = AppIcon;
				ASSETCATALOG_COMPILER_GLOBAL_ACCENT_COLOR_NAME = AccentColor;
				CODE_SIGN_STYLE = Automatic;
				CURRENT_PROJECT_VERSION = 1;
				DEVELOPMENT_ASSET_PATHS = "\"FoodsUI/Preview Content\"";
				ENABLE_PREVIEWS = YES;
				GENERATE_INFOPLIST_FILE = YES;
				INFOPLIST_KEY_UIApplicationSceneManifest_Generation = YES;
				INFOPLIST_KEY_UIApplicationSupportsIndirectInputEvents = YES;
				INFOPLIST_KEY_UILaunchScreen_Generation = YES;
				INFOPLIST_KEY_UISupportedInterfaceOrientations_iPad = "UIInterfaceOrientationPortrait UIInterfaceOrientationPortraitUpsideDown UIInterfaceOrientationLandscapeLeft UIInterfaceOrientationLandscapeRight";
				INFOPLIST_KEY_UISupportedInterfaceOrientations_iPhone = "UIInterfaceOrientationPortrait UIInterfaceOrientationLandscapeLeft UIInterfaceOrientationLandscapeRight";
				LD_RUNPATH_SEARCH_PATHS = (
					"$(inherited)",
					"@executable_path/Frameworks",
				);
				MARKETING_VERSION = 1.0;
				PRODUCT_BUNDLE_IDENTIFIER = com.ibrahimatmaca.FoodsUI;
				PRODUCT_NAME = "$(TARGET_NAME)";
				SWIFT_EMIT_LOC_STRINGS = YES;
				SWIFT_VERSION = 5.0;
				TARGETED_DEVICE_FAMILY = "1,2";
			};
			name = Debug;
		};
		9CD04B3928AD9D9200F77877 /* Release */ = {
			isa = XCBuildConfiguration;
			buildSettings = {
				ASSETCATALOG_COMPILER_APPICON_NAME = AppIcon;
				ASSETCATALOG_COMPILER_GLOBAL_ACCENT_COLOR_NAME = AccentColor;
				CODE_SIGN_STYLE = Automatic;
				CURRENT_PROJECT_VERSION = 1;
				DEVELOPMENT_ASSET_PATHS = "\"FoodsUI/Preview Content\"";
				ENABLE_PREVIEWS = YES;
				GENERATE_INFOPLIST_FILE = YES;
				INFOPLIST_KEY_UIApplicationSceneManifest_Generation = YES;
				INFOPLIST_KEY_UIApplicationSupportsIndirectInputEvents = YES;
				INFOPLIST_KEY_UILaunchScreen_Generation = YES;
				INFOPLIST_KEY_UISupportedInterfaceOrientations_iPad = "UIInterfaceOrientationPortrait UIInterfaceOrientationPortraitUpsideDown UIInterfaceOrientationLandscapeLeft UIInterfaceOrientationLandscapeRight";
				INFOPLIST_KEY_UISupportedInterfaceOrientations_iPhone = "UIInterfaceOrientationPortrait UIInterfaceOrientationLandscapeLeft UIInterfaceOrientationLandscapeRight";
				LD_RUNPATH_SEARCH_PATHS = (
					"$(inherited)",
					"@executable_path/Frameworks",
				);
				MARKETING_VERSION = 1.0;
				PRODUCT_BUNDLE_IDENTIFIER = com.ibrahimatmaca.FoodsUI;
				PRODUCT_NAME = "$(TARGET_NAME)";
				SWIFT_EMIT_LOC_STRINGS = YES;
				SWIFT_VERSION = 5.0;
				TARGETED_DEVICE_FAMILY = "1,2";
			};
			name = Release;
		};
		9CD04B3B28AD9D9200F77877 /* Debug */ = {
			isa = XCBuildConfiguration;
			buildSettings = {
				ALWAYS_EMBED_SWIFT_STANDARD_LIBRARIES = YES;
				BUNDLE_LOADER = "$(TEST_HOST)";
				CODE_SIGN_STYLE = Automatic;
				CURRENT_PROJECT_VERSION = 1;
				GENERATE_INFOPLIST_FILE = YES;
				IPHONEOS_DEPLOYMENT_TARGET = 15.5;
				MARKETING_VERSION = 1.0;
				PRODUCT_BUNDLE_IDENTIFIER = com.ibrahimatmaca.FoodsUITests;
				PRODUCT_NAME = "$(TARGET_NAME)";
				SWIFT_EMIT_LOC_STRINGS = NO;
				SWIFT_VERSION = 5.0;
				TARGETED_DEVICE_FAMILY = "1,2";
				TEST_HOST = "$(BUILT_PRODUCTS_DIR)/FoodsUI.app/FoodsUI";
			};
			name = Debug;
		};
		9CD04B3C28AD9D9200F77877 /* Release */ = {
			isa = XCBuildConfiguration;
			buildSettings = {
				ALWAYS_EMBED_SWIFT_STANDARD_LIBRARIES = YES;
				BUNDLE_LOADER = "$(TEST_HOST)";
				CODE_SIGN_STYLE = Automatic;
				CURRENT_PROJECT_VERSION = 1;
				GENERATE_INFOPLIST_FILE = YES;
				IPHONEOS_DEPLOYMENT_TARGET = 15.5;
				MARKETING_VERSION = 1.0;
				PRODUCT_BUNDLE_IDENTIFIER = com.ibrahimatmaca.FoodsUITests;
				PRODUCT_NAME = "$(TARGET_NAME)";
				SWIFT_EMIT_LOC_STRINGS = NO;
				SWIFT_VERSION = 5.0;
				TARGETED_DEVICE_FAMILY = "1,2";
				TEST_HOST = "$(BUILT_PRODUCTS_DIR)/FoodsUI.app/FoodsUI";
			};
			name = Release;
		};
		9CD04B3E28AD9D9200F77877 /* Debug */ = {
			isa = XCBuildConfiguration;
			buildSettings = {
				ALWAYS_EMBED_SWIFT_STANDARD_LIBRARIES = YES;
				CODE_SIGN_STYLE = Automatic;
				CURRENT_PROJECT_VERSION = 1;
				GENERATE_INFOPLIST_FILE = YES;
				MARKETING_VERSION = 1.0;
				PRODUCT_BUNDLE_IDENTIFIER = com.ibrahimatmaca.FoodsUIUITests;
				PRODUCT_NAME = "$(TARGET_NAME)";
				SWIFT_EMIT_LOC_STRINGS = NO;
				SWIFT_VERSION = 5.0;
				TARGETED_DEVICE_FAMILY = "1,2";
				TEST_TARGET_NAME = FoodsUI;
			};
			name = Debug;
		};
		9CD04B3F28AD9D9200F77877 /* Release */ = {
			isa = XCBuildConfiguration;
			buildSettings = {
				ALWAYS_EMBED_SWIFT_STANDARD_LIBRARIES = YES;
				CODE_SIGN_STYLE = Automatic;
				CURRENT_PROJECT_VERSION = 1;
				GENERATE_INFOPLIST_FILE = YES;
				MARKETING_VERSION = 1.0;
				PRODUCT_BUNDLE_IDENTIFIER = com.ibrahimatmaca.FoodsUIUITests;
				PRODUCT_NAME = "$(TARGET_NAME)";
				SWIFT_EMIT_LOC_STRINGS = NO;
				SWIFT_VERSION = 5.0;
				TARGETED_DEVICE_FAMILY = "1,2";
				TEST_TARGET_NAME = FoodsUI;
			};
			name = Release;
		};
/* End XCBuildConfiguration section */

/* Begin XCConfigurationList section */
		9CD04B0E28AD9D9100F77877 /* Build configuration list for PBXProject "FoodsUI" */ = {
			isa = XCConfigurationList;
			buildConfigurations = (
				9CD04B3528AD9D9200F77877 /* Debug */,
				9CD04B3628AD9D9200F77877 /* Release */,
			);
			defaultConfigurationIsVisible = 0;
			defaultConfigurationName = Release;
		};
		9CD04B3728AD9D9200F77877 /* Build configuration list for PBXNativeTarget "FoodsUI" */ = {
			isa = XCConfigurationList;
			buildConfigurations = (
				9CD04B3828AD9D9200F77877 /* Debug */,
				9CD04B3928AD9D9200F77877 /* Release */,
			);
			defaultConfigurationIsVisible = 0;
			defaultConfigurationName = Release;
		};
		9CD04B3A28AD9D9200F77877 /* Build configuration list for PBXNativeTarget "FoodsUITests" */ = {
			isa = XCConfigurationList;
			buildConfigurations = (
				9CD04B3B28AD9D9200F77877 /* Debug */,
				9CD04B3C28AD9D9200F77877 /* Release */,
			);
			defaultConfigurationIsVisible = 0;
			defaultConfigurationName = Release;
		};
		9CD04B3D28AD9D9200F77877 /* Build configuration list for PBXNativeTarget "FoodsUIUITests" */ = {
			isa = XCConfigurationList;
			buildConfigurations = (
				9CD04B3E28AD9D9200F77877 /* Debug */,
				9CD04B3F28AD9D9200F77877 /* Release */,
			);
			defaultConfigurationIsVisible = 0;
			defaultConfigurationName = Release;
		};
/* End XCConfigurationList section */
	};
	rootObject = 9CD04B0B28AD9D9100F77877 /* Project object */;
}
